// !$*UTF8*$!
{
	archiveVersion = 1;
	classes = {
	};
	objectVersion = 50;
	objects = {

/* Begin PBXBuildFile section */
		2A6F9DDC23B89428EAD244C3 /* Pods_ReverseCollectionView.framework in Frameworks */ = {isa = PBXBuildFile; fileRef = DDF0F065A23545565E65E8FC /* Pods_ReverseCollectionView.framework */; };
		88082405220E11BB006F5318 /* AppDelegate.swift in Sources */ = {isa = PBXBuildFile; fileRef = 88082404220E11BB006F5318 /* AppDelegate.swift */; };
		88082407220E11BB006F5318 /* LandingViewController.swift in Sources */ = {isa = PBXBuildFile; fileRef = 88082406220E11BB006F5318 /* LandingViewController.swift */; };
		8808240A220E11BB006F5318 /* Main.storyboard in Resources */ = {isa = PBXBuildFile; fileRef = 88082408220E11BB006F5318 /* Main.storyboard */; };
		8808240C220E11BD006F5318 /* Assets.xcassets in Resources */ = {isa = PBXBuildFile; fileRef = 8808240B220E11BD006F5318 /* Assets.xcassets */; };
		8808240F220E11BD006F5318 /* LaunchScreen.storyboard in Resources */ = {isa = PBXBuildFile; fileRef = 8808240D220E11BD006F5318 /* LaunchScreen.storyboard */; };
		88082417220EB733006F5318 /* GoogleService-Info.plist in Resources */ = {isa = PBXBuildFile; fileRef = 88082416220EB733006F5318 /* GoogleService-Info.plist */; };
		88082419220EEBB3006F5318 /* FirebaseAuthHelper.swift in Sources */ = {isa = PBXBuildFile; fileRef = 88082418220EEBB3006F5318 /* FirebaseAuthHelper.swift */; };
		88082425220F0021006F5318 /* AuthenticationViewController.swift in Sources */ = {isa = PBXBuildFile; fileRef = 88082424220F0021006F5318 /* AuthenticationViewController.swift */; };
		88082428220F093D006F5318 /* ViewControllerExtension.swift in Sources */ = {isa = PBXBuildFile; fileRef = 88082427220F093D006F5318 /* ViewControllerExtension.swift */; };
		8808242A220F0D24006F5318 /* CollectionView.storyboard in Resources */ = {isa = PBXBuildFile; fileRef = 88082429220F0D24006F5318 /* CollectionView.storyboard */; };
		8808242C220F488E006F5318 /* ReverseCollectionViewController.swift in Sources */ = {isa = PBXBuildFile; fileRef = 8808242B220F488E006F5318 /* ReverseCollectionViewController.swift */; };
		8808242E220F48C0006F5318 /* ReverseCollectionViewCell.swift in Sources */ = {isa = PBXBuildFile; fileRef = 8808242D220F48C0006F5318 /* ReverseCollectionViewCell.swift */; };
		88FA642A220F528F006C6A5D /* ReverseCollectionLayout.swift in Sources */ = {isa = PBXBuildFile; fileRef = 88FA6429220F528F006C6A5D /* ReverseCollectionLayout.swift */; };
/* End PBXBuildFile section */

/* Begin PBXFileReference section */
		6F5C671ABCF0088ED1D48FCA /* Pods-ReverseCollectionView.release.xcconfig */ = {isa = PBXFileReference; includeInIndex = 1; lastKnownFileType = text.xcconfig; name = "Pods-ReverseCollectionView.release.xcconfig"; path = "Pods/Target Support Files/Pods-ReverseCollectionView/Pods-ReverseCollectionView.release.xcconfig"; sourceTree = "<group>"; };
		88082401220E11BB006F5318 /* ReverseCollectionView.app */ = {isa = PBXFileReference; explicitFileType = wrapper.application; includeInIndex = 0; path = ReverseCollectionView.app; sourceTree = BUILT_PRODUCTS_DIR; };
		88082404220E11BB006F5318 /* AppDelegate.swift */ = {isa = PBXFileReference; lastKnownFileType = sourcecode.swift; path = AppDelegate.swift; sourceTree = "<group>"; };
		88082406220E11BB006F5318 /* LandingViewController.swift */ = {isa = PBXFileReference; lastKnownFileType = sourcecode.swift; path = LandingViewController.swift; sourceTree = "<group>"; };
		88082409220E11BB006F5318 /* Base */ = {isa = PBXFileReference; lastKnownFileType = file.storyboard; name = Base; path = Base.lproj/Main.storyboard; sourceTree = "<group>"; };
		8808240B220E11BD006F5318 /* Assets.xcassets */ = {isa = PBXFileReference; lastKnownFileType = folder.assetcatalog; path = Assets.xcassets; sourceTree = "<group>"; };
		8808240E220E11BD006F5318 /* Base */ = {isa = PBXFileReference; lastKnownFileType = file.storyboard; name = Base; path = Base.lproj/LaunchScreen.storyboard; sourceTree = "<group>"; };
		88082410220E11BD006F5318 /* Info.plist */ = {isa = PBXFileReference; lastKnownFileType = text.plist.xml; path = Info.plist; sourceTree = "<group>"; };
		88082416220EB733006F5318 /* GoogleService-Info.plist */ = {isa = PBXFileReference; fileEncoding = 4; lastKnownFileType = text.plist.xml; path = "GoogleService-Info.plist"; sourceTree = "<group>"; };
		88082418220EEBB3006F5318 /* FirebaseAuthHelper.swift */ = {isa = PBXFileReference; fileEncoding = 4; lastKnownFileType = sourcecode.swift; path = FirebaseAuthHelper.swift; sourceTree = "<group>"; };
		88082424220F0021006F5318 /* AuthenticationViewController.swift */ = {isa = PBXFileReference; lastKnownFileType = sourcecode.swift; path = AuthenticationViewController.swift; sourceTree = "<group>"; };
		88082427220F093D006F5318 /* ViewControllerExtension.swift */ = {isa = PBXFileReference; lastKnownFileType = sourcecode.swift; path = ViewControllerExtension.swift; sourceTree = "<group>"; };
		88082429220F0D24006F5318 /* CollectionView.storyboard */ = {isa = PBXFileReference; lastKnownFileType = file.storyboard; path = CollectionView.storyboard; sourceTree = "<group>"; };
		8808242B220F488E006F5318 /* ReverseCollectionViewController.swift */ = {isa = PBXFileReference; lastKnownFileType = sourcecode.swift; path = ReverseCollectionViewController.swift; sourceTree = "<group>"; };
		8808242D220F48C0006F5318 /* ReverseCollectionViewCell.swift */ = {isa = PBXFileReference; lastKnownFileType = sourcecode.swift; path = ReverseCollectionViewCell.swift; sourceTree = "<group>"; };
		88FA6429220F528F006C6A5D /* ReverseCollectionLayout.swift */ = {isa = PBXFileReference; lastKnownFileType = sourcecode.swift; path = ReverseCollectionLayout.swift; sourceTree = "<group>"; };
		DDF0F065A23545565E65E8FC /* Pods_ReverseCollectionView.framework */ = {isa = PBXFileReference; explicitFileType = wrapper.framework; includeInIndex = 0; path = Pods_ReverseCollectionView.framework; sourceTree = BUILT_PRODUCTS_DIR; };
		F26D99CF85FC45BB849CCB7E /* Pods-ReverseCollectionView.debug.xcconfig */ = {isa = PBXFileReference; includeInIndex = 1; lastKnownFileType = text.xcconfig; name = "Pods-ReverseCollectionView.debug.xcconfig"; path = "Pods/Target Support Files/Pods-ReverseCollectionView/Pods-ReverseCollectionView.debug.xcconfig"; sourceTree = "<group>"; };
/* End PBXFileReference section */

/* Begin PBXFrameworksBuildPhase section */
		880823FE220E11BB006F5318 /* Frameworks */ = {
			isa = PBXFrameworksBuildPhase;
			buildActionMask = 2147483647;
			files = (
				2A6F9DDC23B89428EAD244C3 /* Pods_ReverseCollectionView.framework in Frameworks */,
			);
			runOnlyForDeploymentPostprocessing = 0;
		};
/* End PBXFrameworksBuildPhase section */

/* Begin PBXGroup section */
		0AB7B5D1CB42090D78C27F63 /* Frameworks */ = {
			isa = PBXGroup;
			children = (
				DDF0F065A23545565E65E8FC /* Pods_ReverseCollectionView.framework */,
			);
			name = Frameworks;
			sourceTree = "<group>";
		};
		3D52601C3C8D0A91BBB43CAC /* Pods */ = {
			isa = PBXGroup;
			children = (
				F26D99CF85FC45BB849CCB7E /* Pods-ReverseCollectionView.debug.xcconfig */,
				6F5C671ABCF0088ED1D48FCA /* Pods-ReverseCollectionView.release.xcconfig */,
			);
			name = Pods;
			sourceTree = "<group>";
		};
		880823F8220E11BB006F5318 = {
			isa = PBXGroup;
			children = (
				88082403220E11BB006F5318 /* ReverseCollectionView */,
				88082402220E11BB006F5318 /* Products */,
				3D52601C3C8D0A91BBB43CAC /* Pods */,
				0AB7B5D1CB42090D78C27F63 /* Frameworks */,
			);
			sourceTree = "<group>";
		};
		88082402220E11BB006F5318 /* Products */ = {
			isa = PBXGroup;
			children = (
				88082401220E11BB006F5318 /* ReverseCollectionView.app */,
			);
			name = Products;
			sourceTree = "<group>";
		};
		88082403220E11BB006F5318 /* ReverseCollectionView */ = {
			isa = PBXGroup;
			children = (
				88082421220EF723006F5318 /* Model */,
				88082420220EF71B006F5318 /* View */,
				8808241F220EF70A006F5318 /* ViewController */,
				8808241E220EF701006F5318 /* Helper */,
				88082422220EF752006F5318 /* Storyboard */,
				88082423220EF769006F5318 /* Resources */,
			);
			path = ReverseCollectionView;
			sourceTree = "<group>";
		};
		8808241E220EF701006F5318 /* Helper */ = {
			isa = PBXGroup;
			children = (
				88082426220F08F4006F5318 /* Extension */,
				88082418220EEBB3006F5318 /* FirebaseAuthHelper.swift */,
			);
			path = Helper;
			sourceTree = "<group>";
		};
		8808241F220EF70A006F5318 /* ViewController */ = {
			isa = PBXGroup;
			children = (
				88082406220E11BB006F5318 /* LandingViewController.swift */,
				88082424220F0021006F5318 /* AuthenticationViewController.swift */,
				8808242B220F488E006F5318 /* ReverseCollectionViewController.swift */,
			);
			path = ViewController;
			sourceTree = "<group>";
		};
		88082420220EF71B006F5318 /* View */ = {
			isa = PBXGroup;
			children = (
				8808242D220F48C0006F5318 /* ReverseCollectionViewCell.swift */,
				88FA6429220F528F006C6A5D /* ReverseCollectionLayout.swift */,
			);
			path = View;
			sourceTree = "<group>";
		};
		88082421220EF723006F5318 /* Model */ = {
			isa = PBXGroup;
			children = (
			);
			path = Model;
			sourceTree = "<group>";
		};
		88082422220EF752006F5318 /* Storyboard */ = {
			isa = PBXGroup;
			children = (
				88082408220E11BB006F5318 /* Main.storyboard */,
				8808240D220E11BD006F5318 /* LaunchScreen.storyboard */,
				88082429220F0D24006F5318 /* CollectionView.storyboard */,
			);
			path = Storyboard;
			sourceTree = "<group>";
		};
		88082423220EF769006F5318 /* Resources */ = {
			isa = PBXGroup;
			children = (
				88082404220E11BB006F5318 /* AppDelegate.swift */,
				8808240B220E11BD006F5318 /* Assets.xcassets */,
				88082410220E11BD006F5318 /* Info.plist */,
				88082416220EB733006F5318 /* GoogleService-Info.plist */,
			);
			path = Resources;
			sourceTree = "<group>";
		};
		88082426220F08F4006F5318 /* Extension */ = {
			isa = PBXGroup;
			children = (
				88082427220F093D006F5318 /* ViewControllerExtension.swift */,
			);
			path = Extension;
			sourceTree = "<group>";
		};
/* End PBXGroup section */

/* Begin PBXNativeTarget section */
		88082400220E11BB006F5318 /* ReverseCollectionView */ = {
			isa = PBXNativeTarget;
			buildConfigurationList = 88082413220E11BD006F5318 /* Build configuration list for PBXNativeTarget "ReverseCollectionView" */;
			buildPhases = (
				442B1F8C48E96AB521296C98 /* [CP] Check Pods Manifest.lock */,
				880823FD220E11BB006F5318 /* Sources */,
				880823FE220E11BB006F5318 /* Frameworks */,
				880823FF220E11BB006F5318 /* Resources */,
				346ED416C75C8E83B76BEF13 /* [CP] Embed Pods Frameworks */,
			);
			buildRules = (
			);
			dependencies = (
			);
			name = ReverseCollectionView;
			productName = ReverseCollectionView;
			productReference = 88082401220E11BB006F5318 /* ReverseCollectionView.app */;
			productType = "com.apple.product-type.application";
		};
/* End PBXNativeTarget section */

/* Begin PBXProject section */
		880823F9220E11BB006F5318 /* Project object */ = {
			isa = PBXProject;
			attributes = {
				LastSwiftUpdateCheck = 1010;
				LastUpgradeCheck = 1010;
				ORGANIZATIONNAME = "Vasant Hugar";
				TargetAttributes = {
					88082400220E11BB006F5318 = {
						CreatedOnToolsVersion = 10.1;
					};
				};
			};
			buildConfigurationList = 880823FC220E11BB006F5318 /* Build configuration list for PBXProject "ReverseCollectionView" */;
			compatibilityVersion = "Xcode 9.3";
			developmentRegion = en;
			hasScannedForEncodings = 0;
			knownRegions = (
				en,
				Base,
			);
			mainGroup = 880823F8220E11BB006F5318;
			productRefGroup = 88082402220E11BB006F5318 /* Products */;
			projectDirPath = "";
			projectRoot = "";
			targets = (
				88082400220E11BB006F5318 /* ReverseCollectionView */,
			);
		};
/* End PBXProject section */

/* Begin PBXResourcesBuildPhase section */
		880823FF220E11BB006F5318 /* Resources */ = {
			isa = PBXResourcesBuildPhase;
			buildActionMask = 2147483647;
			files = (
				8808240F220E11BD006F5318 /* LaunchScreen.storyboard in Resources */,
				88082417220EB733006F5318 /* GoogleService-Info.plist in Resources */,
				8808242A220F0D24006F5318 /* CollectionView.storyboard in Resources */,
				8808240C220E11BD006F5318 /* Assets.xcassets in Resources */,
				8808240A220E11BB006F5318 /* Main.storyboard in Resources */,
			);
			runOnlyForDeploymentPostprocessing = 0;
		};
/* End PBXResourcesBuildPhase section */

/* Begin PBXShellScriptBuildPhase section */
		346ED416C75C8E83B76BEF13 /* [CP] Embed Pods Frameworks */ = {
			isa = PBXShellScriptBuildPhase;
			buildActionMask = 2147483647;
			files = (
			);
			inputPaths = (
				"${SRCROOT}/Pods/Target Support Files/Pods-ReverseCollectionView/Pods-ReverseCollectionView-frameworks.sh",
				"${BUILT_PRODUCTS_DIR}/GTMSessionFetcher/GTMSessionFetcher.framework",
				"${BUILT_PRODUCTS_DIR}/GoogleToolboxForMac/GoogleToolboxForMac.framework",
				"${BUILT_PRODUCTS_DIR}/leveldb-library/leveldb.framework",
				"${BUILT_PRODUCTS_DIR}/nanopb/nanopb.framework",
			);
			name = "[CP] Embed Pods Frameworks";
			outputPaths = (
				"${TARGET_BUILD_DIR}/${FRAMEWORKS_FOLDER_PATH}/GTMSessionFetcher.framework",
				"${TARGET_BUILD_DIR}/${FRAMEWORKS_FOLDER_PATH}/GoogleToolboxForMac.framework",
				"${TARGET_BUILD_DIR}/${FRAMEWORKS_FOLDER_PATH}/leveldb.framework",
				"${TARGET_BUILD_DIR}/${FRAMEWORKS_FOLDER_PATH}/nanopb.framework",
			);
			runOnlyForDeploymentPostprocessing = 0;
			shellPath = /bin/sh;
			shellScript = "\"${SRCROOT}/Pods/Target Support Files/Pods-ReverseCollectionView/Pods-ReverseCollectionView-frameworks.sh\"\n";
			showEnvVarsInLog = 0;
		};
		442B1F8C48E96AB521296C98 /* [CP] Check Pods Manifest.lock */ = {
			isa = PBXShellScriptBuildPhase;
			buildActionMask = 2147483647;
			files = (
			);
			inputPaths = (
				"${PODS_PODFILE_DIR_PATH}/Podfile.lock",
				"${PODS_ROOT}/Manifest.lock",
			);
			name = "[CP] Check Pods Manifest.lock";
			outputPaths = (
				"$(DERIVED_FILE_DIR)/Pods-ReverseCollectionView-checkManifestLockResult.txt",
			);
			runOnlyForDeploymentPostprocessing = 0;
			shellPath = /bin/sh;
			shellScript = "diff \"${PODS_PODFILE_DIR_PATH}/Podfile.lock\" \"${PODS_ROOT}/Manifest.lock\" > /dev/null\nif [ $? != 0 ] ; then\n    # print error to STDERR\n    echo \"error: The sandbox is not in sync with the Podfile.lock. Run 'pod install' or update your CocoaPods installation.\" >&2\n    exit 1\nfi\n# This output is used by Xcode 'outputs' to avoid re-running this script phase.\necho \"SUCCESS\" > \"${SCRIPT_OUTPUT_FILE_0}\"\n";
			showEnvVarsInLog = 0;
		};
/* End PBXShellScriptBuildPhase section */

/* Begin PBXSourcesBuildPhase section */
		880823FD220E11BB006F5318 /* Sources */ = {
			isa = PBXSourcesBuildPhase;
			buildActionMask = 2147483647;
			files = (
				8808242E220F48C0006F5318 /* ReverseCollectionViewCell.swift in Sources */,
				88FA642A220F528F006C6A5D /* ReverseCollectionLayout.swift in Sources */,
				88082425220F0021006F5318 /* AuthenticationViewController.swift in Sources */,
				8808242C220F488E006F5318 /* ReverseCollectionViewController.swift in Sources */,
				88082407220E11BB006F5318 /* LandingViewController.swift in Sources */,
				88082419220EEBB3006F5318 /* FirebaseAuthHelper.swift in Sources */,
				88082428220F093D006F5318 /* ViewControllerExtension.swift in Sources */,
				88082405220E11BB006F5318 /* AppDelegate.swift in Sources */,
			);
			runOnlyForDeploymentPostprocessing = 0;
		};
/* End PBXSourcesBuildPhase section */

/* Begin PBXVariantGroup section */
		88082408220E11BB006F5318 /* Main.storyboard */ = {
			isa = PBXVariantGroup;
			children = (
				88082409220E11BB006F5318 /* Base */,
			);
			name = Main.storyboard;
			sourceTree = "<group>";
		};
		8808240D220E11BD006F5318 /* LaunchScreen.storyboard */ = {
			isa = PBXVariantGroup;
			children = (
				8808240E220E11BD006F5318 /* Base */,
			);
			name = LaunchScreen.storyboard;
			sourceTree = "<group>";
		};
/* End PBXVariantGroup section */

/* Begin XCBuildConfiguration section */
		88082411220E11BD006F5318 /* Debug */ = {
			isa = XCBuildConfiguration;
			buildSettings = {
				ALWAYS_SEARCH_USER_PATHS = NO;
				CLANG_ANALYZER_NONNULL = YES;
				CLANG_ANALYZER_NUMBER_OBJECT_CONVERSION = YES_AGGRESSIVE;
				CLANG_CXX_LANGUAGE_STANDARD = "gnu++14";
				CLANG_CXX_LIBRARY = "libc++";
				CLANG_ENABLE_MODULES = YES;
				CLANG_ENABLE_OBJC_ARC = YES;
				CLANG_ENABLE_OBJC_WEAK = YES;
				CLANG_WARN_BLOCK_CAPTURE_AUTORELEASING = YES;
				CLANG_WARN_BOOL_CONVERSION = YES;
				CLANG_WARN_COMMA = YES;
				CLANG_WARN_CONSTANT_CONVERSION = YES;
				CLANG_WARN_DEPRECATED_OBJC_IMPLEMENTATIONS = YES;
				CLANG_WARN_DIRECT_OBJC_ISA_USAGE = YES_ERROR;
				CLANG_WARN_DOCUMENTATION_COMMENTS = YES;
				CLANG_WARN_EMPTY_BODY = YES;
				CLANG_WARN_ENUM_CONVERSION = YES;
				CLANG_WARN_INFINITE_RECURSION = YES;
				CLANG_WARN_INT_CONVERSION = YES;
				CLANG_WARN_NON_LITERAL_NULL_CONVERSION = YES;
				CLANG_WARN_OBJC_IMPLICIT_RETAIN_SELF = YES;
				CLANG_WARN_OBJC_LITERAL_CONVERSION = YES;
				CLANG_WARN_OBJC_ROOT_CLASS = YES_ERROR;
				CLANG_WARN_RANGE_LOOP_ANALYSIS = YES;
				CLANG_WARN_STRICT_PROTOTYPES = YES;
				CLANG_WARN_SUSPICIOUS_MOVE = YES;
				CLANG_WARN_UNGUARDED_AVAILABILITY = YES_AGGRESSIVE;
				CLANG_WARN_UNREACHABLE_CODE = YES;
				CLANG_WARN__DUPLICATE_METHOD_MATCH = YES;
				CODE_SIGN_IDENTITY = "iPhone Developer";
				COPY_PHASE_STRIP = NO;
				DEBUG_INFORMATION_FORMAT = dwarf;
				ENABLE_STRICT_OBJC_MSGSEND = YES;
				ENABLE_TESTABILITY = YES;
				GCC_C_LANGUAGE_STANDARD = gnu11;
				GCC_DYNAMIC_NO_PIC = NO;
				GCC_NO_COMMON_BLOCKS = YES;
				GCC_OPTIMIZATION_LEVEL = 0;
				GCC_PREPROCESSOR_DEFINITIONS = (
					"DEBUG=1",
					"$(inherited)",
				);
				GCC_WARN_64_TO_32_BIT_CONVERSION = YES;
				GCC_WARN_ABOUT_RETURN_TYPE = YES_ERROR;
				GCC_WARN_UNDECLARED_SELECTOR = YES;
				GCC_WARN_UNINITIALIZED_AUTOS = YES_AGGRESSIVE;
				GCC_WARN_UNUSED_FUNCTION = YES;
				GCC_WARN_UNUSED_VARIABLE = YES;
				IPHONEOS_DEPLOYMENT_TARGET = 12.1;
				MTL_ENABLE_DEBUG_INFO = INCLUDE_SOURCE;
				MTL_FAST_MATH = YES;
				ONLY_ACTIVE_ARCH = YES;
				SDKROOT = iphoneos;
				SWIFT_ACTIVE_COMPILATION_CONDITIONS = DEBUG;
				SWIFT_OPTIMIZATION_LEVEL = "-Onone";
			};
			name = Debug;
		};
		88082412220E11BD006F5318 /* Release */ = {
			isa = XCBuildConfiguration;
			buildSettings = {
				ALWAYS_SEARCH_USER_PATHS = NO;
				CLANG_ANALYZER_NONNULL = YES;
				CLANG_ANALYZER_NUMBER_OBJECT_CONVERSION = YES_AGGRESSIVE;
				CLANG_CXX_LANGUAGE_STANDARD = "gnu++14";
				CLANG_CXX_LIBRARY = "libc++";
				CLANG_ENABLE_MODULES = YES;
				CLANG_ENABLE_OBJC_ARC = YES;
				CLANG_ENABLE_OBJC_WEAK = YES;
				CLANG_WARN_BLOCK_CAPTURE_AUTORELEASING = YES;
				CLANG_WARN_BOOL_CONVERSION = YES;
				CLANG_WARN_COMMA = YES;
				CLANG_WARN_CONSTANT_CONVERSION = YES;
				CLANG_WARN_DEPRECATED_OBJC_IMPLEMENTATIONS = YES;
				CLANG_WARN_DIRECT_OBJC_ISA_USAGE = YES_ERROR;
				CLANG_WARN_DOCUMENTATION_COMMENTS = YES;
				CLANG_WARN_EMPTY_BODY = YES;
				CLANG_WARN_ENUM_CONVERSION = YES;
				CLANG_WARN_INFINITE_RECURSION = YES;
				CLANG_WARN_INT_CONVERSION = YES;
				CLANG_WARN_NON_LITERAL_NULL_CONVERSION = YES;
				CLANG_WARN_OBJC_IMPLICIT_RETAIN_SELF = YES;
				CLANG_WARN_OBJC_LITERAL_CONVERSION = YES;
				CLANG_WARN_OBJC_ROOT_CLASS = YES_ERROR;
				CLANG_WARN_RANGE_LOOP_ANALYSIS = YES;
				CLANG_WARN_STRICT_PROTOTYPES = YES;
				CLANG_WARN_SUSPICIOUS_MOVE = YES;
				CLANG_WARN_UNGUARDED_AVAILABILITY = YES_AGGRESSIVE;
				CLANG_WARN_UNREACHABLE_CODE = YES;
				CLANG_WARN__DUPLICATE_METHOD_MATCH = YES;
				CODE_SIGN_IDENTITY = "iPhone Developer";
				COPY_PHASE_STRIP = NO;
				DEBUG_INFORMATION_FORMAT = "dwarf-with-dsym";
				ENABLE_NS_ASSERTIONS = NO;
				ENABLE_STRICT_OBJC_MSGSEND = YES;
				GCC_C_LANGUAGE_STANDARD = gnu11;
				GCC_NO_COMMON_BLOCKS = YES;
				GCC_WARN_64_TO_32_BIT_CONVERSION = YES;
				GCC_WARN_ABOUT_RETURN_TYPE = YES_ERROR;
				GCC_WARN_UNDECLARED_SELECTOR = YES;
				GCC_WARN_UNINITIALIZED_AUTOS = YES_AGGRESSIVE;
				GCC_WARN_UNUSED_FUNCTION = YES;
				GCC_WARN_UNUSED_VARIABLE = YES;
				IPHONEOS_DEPLOYMENT_TARGET = 12.1;
				MTL_ENABLE_DEBUG_INFO = NO;
				MTL_FAST_MATH = YES;
				SDKROOT = iphoneos;
				SWIFT_COMPILATION_MODE = wholemodule;
				SWIFT_OPTIMIZATION_LEVEL = "-O";
				VALIDATE_PRODUCT = YES;
			};
			name = Release;
		};
		88082414220E11BD006F5318 /* Debug */ = {
			isa = XCBuildConfiguration;
			baseConfigurationReference = F26D99CF85FC45BB849CCB7E /* Pods-ReverseCollectionView.debug.xcconfig */;
			buildSettings = {
				ASSETCATALOG_COMPILER_APPICON_NAME = AppIcon;
				CODE_SIGN_STYLE = Automatic;
				INFOPLIST_FILE = "$(SRCROOT)/ReverseCollectionView/Resources/Info.plist";
				IPHONEOS_DEPLOYMENT_TARGET = 10.0;
				LD_RUNPATH_SEARCH_PATHS = (
					"$(inherited)",
					"@executable_path/Frameworks",
				);
				PRODUCT_BUNDLE_IDENTIFIER = com.vasant.reversecollectionview;
				PRODUCT_NAME = "$(TARGET_NAME)";
				SWIFT_VERSION = 4.2;
				TARGETED_DEVICE_FAMILY = "1,2";
			};
			name = Debug;
		};
		88082415220E11BD006F5318 /* Release */ = {
			isa = XCBuildConfiguration;
			baseConfigurationReference = 6F5C671ABCF0088ED1D48FCA /* Pods-ReverseCollectionView.release.xcconfig */;
			buildSettings = {
				ASSETCATALOG_COMPILER_APPICON_NAME = AppIcon;
				CODE_SIGN_STYLE = Automatic;
				INFOPLIST_FILE = "$(SRCROOT)/ReverseCollectionView/Resources/Info.plist";
				IPHONEOS_DEPLOYMENT_TARGET = 10.0;
				LD_RUNPATH_SEARCH_PATHS = (
					"$(inherited)",
					"@executable_path/Frameworks",
				);
				PRODUCT_BUNDLE_IDENTIFIER = com.vasant.reversecollectionview;
				PRODUCT_NAME = "$(TARGET_NAME)";
				SWIFT_VERSION = 4.2;
				TARGETED_DEVICE_FAMILY = "1,2";
			};
			name = Release;
		};
/* End XCBuildConfiguration section */

/* Begin XCConfigurationList section */
		880823FC220E11BB006F5318 /* Build configuration list for PBXProject "ReverseCollectionView" */ = {
			isa = XCConfigurationList;
			buildConfigurations = (
				88082411220E11BD006F5318 /* Debug */,
				88082412220E11BD006F5318 /* Release */,
			);
			defaultConfigurationIsVisible = 0;
			defaultConfigurationName = Release;
		};
		88082413220E11BD006F5318 /* Build configuration list for PBXNativeTarget "ReverseCollectionView" */ = {
			isa = XCConfigurationList;
			buildConfigurations = (
				88082414220E11BD006F5318 /* Debug */,
				88082415220E11BD006F5318 /* Release */,
			);
			defaultConfigurationIsVisible = 0;
			defaultConfigurationName = Release;
		};
/* End XCConfigurationList section */
	};
	rootObject = 880823F9220E11BB006F5318 /* Project object */;
}
